
Microsoft Visual Studio Solution File, Format Version 12.00
# Visual Studio Version 16
VisualStudioVersion = 16.0.31205.134
MinimumVisualStudioVersion = 10.0.40219.1
Project("{FAE04EC0-301F-11D3-BF4B-00C04F79EFBC}") = "TeamLogoGraphics", "TeamLogoGraphics\TeamLogoGraphics.csproj", "{22735A51-BCC0-46FF-9802-F7C202F2BA21}"
EndProject
Global
	GlobalSection(SolutionConfigurationPlatforms) = preSolution
		Debug|Any CPU = Debug|Any CPU
		Release|Any CPU = Release|Any CPU
	EndGlobalSection
	GlobalSection(ProjectConfigurationPlatforms) = postSolution
		{22735A51-BCC0-46FF-9802-F7C202F2BA21}.Debug|Any CPU.ActiveCfg = Debug|Any CPU
		{22735A51-BCC0-46FF-9802-F7C202F2BA21}.Debug|Any CPU.Build.0 = Debug|Any CPU
		{22735A51-BCC0-46FF-9802-F7C202F2BA21}.Release|Any CPU.ActiveCfg = Release|Any CPU
		{22735A51-BCC0-46FF-9802-F7C202F2BA21}.Release|Any CPU.Build.0 = Release|Any CPU
	EndGlobalSection
	GlobalSection(SolutionProperties) = preSolution
		HideSolutionNode = FALSE
	EndGlobalSection
	GlobalSection(ExtensibilityGlobals) = postSolution
		SolutionGuid = {1CFEC129-633D-4C7B-8BCA-DEA4C549FC57}
	EndGlobalSection
EndGlobal
